
Microsoft Visual Studio Solution File, Format Version 12.00
# Visual Studio Version 16
VisualStudioVersion = 16.0.30717.126
MinimumVisualStudioVersion = 10.0.40219.1
Project("{9A19103F-16F7-4668-BE54-9A1E7A4F7556}") = "MQ_Assign", "MQ_Assign.csproj", "{B0567E91-59AC-49D0-B570-F8980DB560FD}"
EndProject
Global
	GlobalSection(SolutionConfigurationPlatforms) = preSolution
		Debug|Any CPU = Debug|Any CPU
		Release|Any CPU = Release|Any CPU
	EndGlobalSection
	GlobalSection(ProjectConfigurationPlatforms) = postSolution
		{B0567E91-59AC-49D0-B570-F8980DB560FD}.Debug|Any CPU.ActiveCfg = Debug|Any CPU
		{B0567E91-59AC-49D0-B570-F8980DB560FD}.Debug|Any CPU.Build.0 = Debug|Any CPU
		{B0567E91-59AC-49D0-B570-F8980DB560FD}.Release|Any CPU.ActiveCfg = Release|Any CPU
		{B0567E91-59AC-49D0-B570-F8980DB560FD}.Release|Any CPU.Build.0 = Release|Any CPU
	EndGlobalSection
	GlobalSection(SolutionProperties) = preSolution
		HideSolutionNode = FALSE
	EndGlobalSection
	GlobalSection(ExtensibilityGlobals) = postSolution
		SolutionGuid = {1D2F845A-0B83-45E3-9256-5CD71A289CEE}
	EndGlobalSection
EndGlobal
